{
  "name": "progress-accountants-frontend",
  "version": "1.0.0",
  "lockfileVersion": 3,
  "requires": true,
  "packages": {
    "": {
      "name": "progress-accountants-frontend",
      "version": "1.0.0",
      "license": "MIT",
      "dependencies": {
        "@radix-ui/react-dialog": "^1.1.2",
        "@radix-ui/react-label": "^2.1.0",
        "@radix-ui/react-slot": "^1.1.0",
        "@radix-ui/react-toast": "^1.2.2",
        "@replit/vite-plugin-shadcn-theme-json": "^0.0.4",
        "class-variance-authority": "^0.7.0",
        "clsx": "^2.1.1",
        "framer-motion": "^11.18.2",
        "lucide-react": "^0.453.0",
        "react": "^18.3.1",
        "react-dom": "^18.3.1",
        "react-helmet": "^6.1.0",
        "tailwind-merge": "^2.5.4",
        "wouter": "^3.3.5"
      },
      "devDependencies": {
        "@types/react": "^18.3.12",
        "@types/react-dom": "^18.3.1",
        "@types/react-helmet": "^6.1.11",
        "@vitejs/plugin-react": "^4.3.4",
        "autoprefixer": "^10.4.20",
        "postcss": "^8.5.0",
        "tailwindcss": "^3.5.7",
        "tailwindcss-animate": "^1.0.7",
        "typescript": "^5.7.2",
        "vite": "^6.0.3"
      }
    }
  }
}