{
  "name": "progress-accountants-frontend",
  "version": "1.0.0",
  "lockfileVersion": 3,
  "requires": true,
  "packages": {
    "": {
      "name": "progress-accountants-frontend",
      "version": "1.0.0",
      "license": "MIT",
      "dependencies": {
        "@radix-ui/react-dialog": "1.1.2",
        "@radix-ui/react-label": "2.1.0",
        "@radix-ui/react-slot": "1.1.0",
        "@radix-ui/react-toast": "1.2.2",
        "class-variance-authority": "0.7.0",
        "clsx": "2.1.1",
        "framer-motion": "11.18.2",
        "lucide-react": "0.453.0",
        "react": "18.3.1",
        "react-dom": "18.3.1",
        "react-helmet": "6.1.0",
        "tailwind-merge": "2.5.4",
        "wouter": "3.3.5"
      },
      "devDependencies": {
        "@types/react": "18.3.12",
        "@types/react-dom": "18.3.1",
        "@types/react-helmet": "6.1.11",
        "@vitejs/plugin-react": "4.3.4",
        "autoprefixer": "10.4.20",
        "postcss": "8.5.0",
        "tailwindcss": "3.5.7",
        "tailwindcss-animate": "1.0.7",
        "typescript": "5.7.2",
        "vite": "6.0.3"
      }
    },
    "node_modules/@radix-ui/react-dialog": {
      "version": "1.1.2",
      "resolved": "https://registry.npmjs.org/@radix-ui/react-dialog/-/react-dialog-1.1.2.tgz",
      "integrity": "sha512-Yj4dZtqa2o+kG61fzB0H2qUvmwBA2oyQroGLyNtBj1beo1khoQ3q1a2AO8rrQYjd8256CO9+N8L9tvsS+bnIyA==",
      "dependencies": {
        "@radix-ui/primitive": "1.1.0",
        "@radix-ui/react-compose-refs": "1.1.0",
        "@radix-ui/react-context": "1.1.1",
        "@radix-ui/react-dismissable-layer": "1.1.1",
        "@radix-ui/react-focus-guards": "1.1.1",
        "@radix-ui/react-focus-scope": "1.1.0",
        "@radix-ui/react-id": "1.1.0",
        "@radix-ui/react-portal": "1.1.2",
        "@radix-ui/react-presence": "1.1.1",
        "@radix-ui/react-primitive": "2.0.0",
        "@radix-ui/react-slot": "1.1.0",
        "@radix-ui/react-use-controllable-state": "1.1.0"
      },
      "peerDependencies": {
        "@types/react": "*",
        "@types/react-dom": "*",
        "react": "^16.8 || ^17.0 || ^18.0 || ^19.0 || ^19.0.0-rc",
        "react-dom": "^16.8 || ^17.0 || ^18.0 || ^19.0 || ^19.0.0-rc"
      }
    },
    "node_modules/tailwindcss": {
      "version": "3.5.7",
      "resolved": "https://registry.npmjs.org/tailwindcss/-/tailwindcss-3.5.7.tgz",
      "integrity": "sha512-ffSQzgKmojPUzQe+/UU4rWttx0Td/r7d1k4fAfwN96qNHBWYMwhBl8z6E/4Xl8e0TJOQNlx4zB8w+4eeI6XQZg==",
      "dependencies": {
        "@alloc/quick-lru": "^5.2.0",
        "arg": "^5.0.2",
        "chokidar": "^3.5.3",
        "didyoumean": "^1.2.2",
        "dlv": "^1.1.3",
        "fast-glob": "^3.3.0",
        "glob-parent": "^6.0.2",
        "is-glob": "^4.0.3",
        "jiti": "^1.19.1",
        "lilconfig": "^2.1.0",
        "micromatch": "^4.0.5",
        "normalize-path": "^3.0.0",
        "object-hash": "^3.0.0",
        "picocolors": "^1.0.0",
        "postcss": "^8.4.23",
        "postcss-import": "^15.1.0",
        "postcss-js": "^4.0.1",
        "postcss-load-config": "^4.0.1",
        "postcss-nested": "^6.0.1",
        "postcss-selector-parser": "^6.0.11",
        "resolve": "^1.22.2",
        "sucrase": "^3.32.0"
      },
      "bin": {
        "tailwind": "lib/cli.js",
        "tailwindcss": "lib/cli.js"
      },
      "engines": {
        "node": ">=14.0.0"
      }
    },
    "node_modules/tailwindcss-animate": {
      "version": "1.0.7",
      "resolved": "https://registry.npmjs.org/tailwindcss-animate/-/tailwindcss-animate-1.0.7.tgz",
      "integrity": "sha512-bl6mpH3T7I3UFxuvDEXLxy/VuFxBk5bbzplh7tXI68mwMokNYd1t9qPBHlnyTwfa4JGC4zP516I1hYYtQ/vspA==",
      "peerDependencies": {
        "tailwindcss": ">=3.0.0 || insiders"
      }
    },
    "node_modules/react": {
      "version": "18.3.1",
      "resolved": "https://registry.npmjs.org/react/-/react-18.3.1.tgz",
      "integrity": "sha512-wS+hAgJShR0KhEvPJArfuPVN1+Hz1t0Y6n5jLrGQbkb4urgPE/0Rve+1kMB1v/oWgHgm4WIcV+i7F2pTVj+2iQ==",
      "dependencies": {
        "loose-envify": "^1.1.0"
      },
      "engines": {
        "node": ">=0.10.0"
      }
    }
  }
}